
Microsoft Visual Studio Solution File, Format Version 12.00
# Visual Studio Version 17
VisualStudioVersion = 17.7.34221.43
MinimumVisualStudioVersion = 10.0.40219.1
Project("{888888A0-9F3D-457C-B088-3A5042F75D52}") = "TidbytStravaAchievements", "TidbytStravaAchievements.pyproj", "{C288782F-C2A0-432D-B891-DCC5BB863E5E}"
EndProject
Global
	GlobalSection(SolutionConfigurationPlatforms) = preSolution
		Debug|Any CPU = Debug|Any CPU
		Release|Any CPU = Release|Any CPU
	EndGlobalSection
	GlobalSection(ProjectConfigurationPlatforms) = postSolution
		{C288782F-C2A0-432D-B891-DCC5BB863E5E}.Debug|Any CPU.ActiveCfg = Debug|Any CPU
		{C288782F-C2A0-432D-B891-DCC5BB863E5E}.Release|Any CPU.ActiveCfg = Release|Any CPU
	EndGlobalSection
	GlobalSection(SolutionProperties) = preSolution
		HideSolutionNode = FALSE
	EndGlobalSection
	GlobalSection(ExtensibilityGlobals) = postSolution
		SolutionGuid = {BAE2EAFB-49D5-4573-B1A1-84E38C82BB28}
	EndGlobalSection
EndGlobal
